
Microsoft Visual Studio Solution File, Format Version 12.00
# Visual Studio Version 17
VisualStudioVersion = 17.7.34031.279
MinimumVisualStudioVersion = 10.0.40219.1
Project("{FAE04EC0-301F-11D3-BF4B-00C04F79EFBC}") = "Pr_10", "Pr_10\Pr_10.csproj", "{1C119B44-031F-4425-B032-1ADA2327292D}"
EndProject
Global
	GlobalSection(SolutionConfigurationPlatforms) = preSolution
		Debug|Any CPU = Debug|Any CPU
		Release|Any CPU = Release|Any CPU
	EndGlobalSection
	GlobalSection(ProjectConfigurationPlatforms) = postSolution
		{1C119B44-031F-4425-B032-1ADA2327292D}.Debug|Any CPU.ActiveCfg = Debug|Any CPU
		{1C119B44-031F-4425-B032-1ADA2327292D}.Debug|Any CPU.Build.0 = Debug|Any CPU
		{1C119B44-031F-4425-B032-1ADA2327292D}.Release|Any CPU.ActiveCfg = Release|Any CPU
		{1C119B44-031F-4425-B032-1ADA2327292D}.Release|Any CPU.Build.0 = Release|Any CPU
	EndGlobalSection
	GlobalSection(SolutionProperties) = preSolution
		HideSolutionNode = FALSE
	EndGlobalSection
	GlobalSection(ExtensibilityGlobals) = postSolution
		SolutionGuid = {0DE23E8E-049E-420B-AF13-4997F946B82D}
	EndGlobalSection
EndGlobal
