
Microsoft Visual Studio Solution File, Format Version 12.00
# Visual Studio Version 17
VisualStudioVersion = 17.5.33414.496
MinimumVisualStudioVersion = 10.0.40219.1
Project("{FAE04EC0-301F-11D3-BF4B-00C04F79EFBC}") = "Pr_19", "Pr_19.csproj", "{191599C9-0C40-43BC-BC7F-A4651C2D3FCA}"
EndProject
Global
	GlobalSection(SolutionConfigurationPlatforms) = preSolution
		Debug|Any CPU = Debug|Any CPU
		Release|Any CPU = Release|Any CPU
	EndGlobalSection
	GlobalSection(ProjectConfigurationPlatforms) = postSolution
		{191599C9-0C40-43BC-BC7F-A4651C2D3FCA}.Debug|Any CPU.ActiveCfg = Debug|Any CPU
		{191599C9-0C40-43BC-BC7F-A4651C2D3FCA}.Debug|Any CPU.Build.0 = Debug|Any CPU
		{191599C9-0C40-43BC-BC7F-A4651C2D3FCA}.Release|Any CPU.ActiveCfg = Release|Any CPU
		{191599C9-0C40-43BC-BC7F-A4651C2D3FCA}.Release|Any CPU.Build.0 = Release|Any CPU
	EndGlobalSection
	GlobalSection(SolutionProperties) = preSolution
		HideSolutionNode = FALSE
	EndGlobalSection
	GlobalSection(ExtensibilityGlobals) = postSolution
		SolutionGuid = {84636DC7-5B2E-4E29-9877-BB7C5C01D81D}
	EndGlobalSection
EndGlobal
