
Microsoft Visual Studio Solution File, Format Version 12.00
# Visual Studio Version 17
VisualStudioVersion = 17.5.33414.496
MinimumVisualStudioVersion = 10.0.40219.1
Project("{FAE04EC0-301F-11D3-BF4B-00C04F79EFBC}") = "Pr_7", "Pr_7.csproj", "{1F6336EB-2D1E-4DAD-8821-623ACADC6B72}"
EndProject
Global
	GlobalSection(SolutionConfigurationPlatforms) = preSolution
		Debug|Any CPU = Debug|Any CPU
		Release|Any CPU = Release|Any CPU
	EndGlobalSection
	GlobalSection(ProjectConfigurationPlatforms) = postSolution
		{1F6336EB-2D1E-4DAD-8821-623ACADC6B72}.Debug|Any CPU.ActiveCfg = Debug|Any CPU
		{1F6336EB-2D1E-4DAD-8821-623ACADC6B72}.Debug|Any CPU.Build.0 = Debug|Any CPU
		{1F6336EB-2D1E-4DAD-8821-623ACADC6B72}.Release|Any CPU.ActiveCfg = Release|Any CPU
		{1F6336EB-2D1E-4DAD-8821-623ACADC6B72}.Release|Any CPU.Build.0 = Release|Any CPU
	EndGlobalSection
	GlobalSection(SolutionProperties) = preSolution
		HideSolutionNode = FALSE
	EndGlobalSection
	GlobalSection(ExtensibilityGlobals) = postSolution
		SolutionGuid = {94284025-1D0F-401A-AFB8-0926611A941B}
	EndGlobalSection
EndGlobal
