
Microsoft Visual Studio Solution File, Format Version 12.00
# Visual Studio Version 17
VisualStudioVersion = 17.5.33414.496
MinimumVisualStudioVersion = 10.0.40219.1
Project("{FAE04EC0-301F-11D3-BF4B-00C04F79EFBC}") = "Pr_6", "Pr_6.csproj", "{BD622B6E-2387-44CA-A90E-DA4E3C5F6833}"
EndProject
Global
	GlobalSection(SolutionConfigurationPlatforms) = preSolution
		Debug|Any CPU = Debug|Any CPU
		Release|Any CPU = Release|Any CPU
	EndGlobalSection
	GlobalSection(ProjectConfigurationPlatforms) = postSolution
		{BD622B6E-2387-44CA-A90E-DA4E3C5F6833}.Debug|Any CPU.ActiveCfg = Debug|Any CPU
		{BD622B6E-2387-44CA-A90E-DA4E3C5F6833}.Debug|Any CPU.Build.0 = Debug|Any CPU
		{BD622B6E-2387-44CA-A90E-DA4E3C5F6833}.Release|Any CPU.ActiveCfg = Release|Any CPU
		{BD622B6E-2387-44CA-A90E-DA4E3C5F6833}.Release|Any CPU.Build.0 = Release|Any CPU
	EndGlobalSection
	GlobalSection(SolutionProperties) = preSolution
		HideSolutionNode = FALSE
	EndGlobalSection
	GlobalSection(ExtensibilityGlobals) = postSolution
		SolutionGuid = {49331A1B-70C4-4634-8F08-1D329B1300E4}
	EndGlobalSection
EndGlobal
